// !$*UTF8*$!
{
	archiveVersion = 1;
	classes = {
	};
	objectVersion = 46;
	objects = {

/* Begin PBXBuildFile section */
		858FE3E81BC62018007BB537 /* main.m in Sources */ = {isa = PBXBuildFile; fileRef = 858FE3E71BC62018007BB537 /* main.m */; };
		858FE3EB1BC62018007BB537 /* AppDelegate.m in Sources */ = {isa = PBXBuildFile; fileRef = 858FE3EA1BC62018007BB537 /* AppDelegate.m */; };
		858FE3EE1BC62018007BB537 /* ViewController.m in Sources */ = {isa = PBXBuildFile; fileRef = 858FE3ED1BC62018007BB537 /* ViewController.m */; };
		858FE3F11BC62018007BB537 /* Main.storyboard in Resources */ = {isa = PBXBuildFile; fileRef = 858FE3EF1BC62018007BB537 /* Main.storyboard */; };
		858FE3F31BC62018007BB537 /* Images.xcassets in Resources */ = {isa = PBXBuildFile; fileRef = 858FE3F21BC62018007BB537 /* Images.xcassets */; };
		858FE3F61BC62018007BB537 /* LaunchScreen.xib in Resources */ = {isa = PBXBuildFile; fileRef = 858FE3F41BC62018007BB537 /* LaunchScreen.xib */; };
		858FE4021BC62018007BB537 /* Demo2_githubTests.m in Sources */ = {isa = PBXBuildFile; fileRef = 858FE4011BC62018007BB537 /* Demo2_githubTests.m */; };
/* End PBXBuildFile section */

/* Begin PBXContainerItemProxy section */
		858FE3FC1BC62018007BB537 /* PBXContainerItemProxy */ = {
			isa = PBXContainerItemProxy;
			containerPortal = 858FE3DA1BC62018007BB537 /* Project object */;
			proxyType = 1;
			remoteGlobalIDString = 858FE3E11BC62018007BB537;
			remoteInfo = "Demo2-github";
		};
/* End PBXContainerItemProxy section */

/* Begin PBXFileReference section */
		858FE3E21BC62018007BB537 /* Demo2-github.app */ = {isa = PBXFileReference; explicitFileType = wrapper.application; includeInIndex = 0; path = "Demo2-github.app"; sourceTree = BUILT_PRODUCTS_DIR; };
		858FE3E61BC62018007BB537 /* Info.plist */ = {isa = PBXFileReference; lastKnownFileType = text.plist.xml; path = Info.plist; sourceTree = "<group>"; };
		858FE3E71BC62018007BB537 /* main.m */ = {isa = PBXFileReference; lastKnownFileType = sourcecode.c.objc; path = main.m; sourceTree = "<group>"; };
		858FE3E91BC62018007BB537 /* AppDelegate.h */ = {isa = PBXFileReference; lastKnownFileType = sourcecode.c.h; path = AppDelegate.h; sourceTree = "<group>"; };
		858FE3EA1BC62018007BB537 /* AppDelegate.m */ = {isa = PBXFileReference; lastKnownFileType = sourcecode.c.objc; path = AppDelegate.m; sourceTree = "<group>"; };
		858FE3EC1BC62018007BB537 /* ViewController.h */ = {isa = PBXFileReference; lastKnownFileType = sourcecode.c.h; path = ViewController.h; sourceTree = "<group>"; };
		858FE3ED1BC62018007BB537 /* ViewController.m */ = {isa = PBXFileReference; lastKnownFileType = sourcecode.c.objc; path = ViewController.m; sourceTree = "<group>"; };
		858FE3F01BC62018007BB537 /* Base */ = {isa = PBXFileReference; lastKnownFileType = file.storyboard; name = Base; path = Base.lproj/Main.storyboard; sourceTree = "<group>"; };
		858FE3F21BC62018007BB537 /* Images.xcassets */ = {isa = PBXFileReference; lastKnownFileType = folder.assetcatalog; path = Images.xcassets; sourceTree = "<group>"; };
		858FE3F51BC62018007BB537 /* Base */ = {isa = PBXFileReference; lastKnownFileType = file.xib; name = Base; path = Base.lproj/LaunchScreen.xib; sourceTree = "<group>"; };
		858FE3FB1BC62018007BB537 /* Demo2-githubTests.xctest */ = {isa = PBXFileReference; explicitFileType = wrapper.cfbundle; includeInIndex = 0; path = "Demo2-githubTests.xctest"; sourceTree = BUILT_PRODUCTS_DIR; };
		858FE4001BC62018007BB537 /* Info.plist */ = {isa = PBXFileReference; lastKnownFileType = text.plist.xml; path = Info.plist; sourceTree = "<group>"; };
		858FE4011BC62018007BB537 /* Demo2_githubTests.m */ = {isa = PBXFileReference; lastKnownFileType = sourcecode.c.objc; path = Demo2_githubTests.m; sourceTree = "<group>"; };
/* End PBXFileReference section */

/* Begin PBXFrameworksBuildPhase section */
		858FE3DF1BC62018007BB537 /* Frameworks */ = {
			isa = PBXFrameworksBuildPhase;
			buildActionMask = 2147483647;
			files = (
			);
			runOnlyForDeploymentPostprocessing = 0;
		};
		858FE3F81BC62018007BB537 /* Frameworks */ = {
			isa = PBXFrameworksBuildPhase;
			buildActionMask = 2147483647;
			files = (
			);
			runOnlyForDeploymentPostprocessing = 0;
		};
/* End PBXFrameworksBuildPhase section */

/* Begin PBXGroup section */
		858FE3D91BC62018007BB537 = {
			isa = PBXGroup;
			children = (
				858FE3E41BC62018007BB537 /* Demo2-github */,
				858FE3FE1BC62018007BB537 /* Demo2-githubTests */,
				858FE3E31BC62018007BB537 /* Products */,
			);
			sourceTree = "<group>";
		};
		858FE3E31BC62018007BB537 /* Products */ = {
			isa = PBXGroup;
			children = (
				858FE3E21BC62018007BB537 /* Demo2-github.app */,
				858FE3FB1BC62018007BB537 /* Demo2-githubTests.xctest */,
			);
			name = Products;
			sourceTree = "<group>";
		};
		858FE3E41BC62018007BB537 /* Demo2-github */ = {
			isa = PBXGroup;
			children = (
				858FE3E91BC62018007BB537 /* AppDelegate.h */,
				858FE3EA1BC62018007BB537 /* AppDelegate.m */,
				858FE3EC1BC62018007BB537 /* ViewController.h */,
				858FE3ED1BC62018007BB537 /* ViewController.m */,
				858FE3EF1BC62018007BB537 /* Main.storyboard */,
				858FE3F21BC62018007BB537 /* Images.xcassets */,
				858FE3F41BC62018007BB537 /* LaunchScreen.xib */,
				858FE3E51BC62018007BB537 /* Supporting Files */,
			);
			path = "Demo2-github";
			sourceTree = "<group>";
		};
		858FE3E51BC62018007BB537 /* Supporting Files */ = {
			isa = PBXGroup;
			children = (
				858FE3E61BC62018007BB537 /* Info.plist */,
				858FE3E71BC62018007BB537 /* main.m */,
			);
			name = "Supporting Files";
			sourceTree = "<group>";
		};
		858FE3FE1BC62018007BB537 /* Demo2-githubTests */ = {
			isa = PBXGroup;
			children = (
				858FE4011BC62018007BB537 /* Demo2_githubTests.m */,
				858FE3FF1BC62018007BB537 /* Supporting Files */,
			);
			path = "Demo2-githubTests";
			sourceTree = "<group>";
		};
		858FE3FF1BC62018007BB537 /* Supporting Files */ = {
			isa = PBXGroup;
			children = (
				858FE4001BC62018007BB537 /* Info.plist */,
			);
			name = "Supporting Files";
			sourceTree = "<group>";
		};
/* End PBXGroup section */

/* Begin PBXNativeTarget section */
		858FE3E11BC62018007BB537 /* Demo2-github */ = {
			isa = PBXNativeTarget;
			buildConfigurationList = 858FE4051BC62018007BB537 /* Build configuration list for PBXNativeTarget "Demo2-github" */;
			buildPhases = (
				858FE3DE1BC62018007BB537 /* Sources */,
				858FE3DF1BC62018007BB537 /* Frameworks */,
				858FE3E01BC62018007BB537 /* Resources */,
			);
			buildRules = (
			);
			dependencies = (
			);
			name = "Demo2-github";
			productName = "Demo2-github";
			productReference = 858FE3E21BC62018007BB537 /* Demo2-github.app */;
			productType = "com.apple.product-type.application";
		};
		858FE3FA1BC62018007BB537 /* Demo2-githubTests */ = {
			isa = PBXNativeTarget;
			buildConfigurationList = 858FE4081BC62018007BB537 /* Build configuration list for PBXNativeTarget "Demo2-githubTests" */;
			buildPhases = (
				858FE3F71BC62018007BB537 /* Sources */,
				858FE3F81BC62018007BB537 /* Frameworks */,
				858FE3F91BC62018007BB537 /* Resources */,
			);
			buildRules = (
			);
			dependencies = (
				858FE3FD1BC62018007BB537 /* PBXTargetDependency */,
			);
			name = "Demo2-githubTests";
			productName = "Demo2-githubTests";
			productReference = 858FE3FB1BC62018007BB537 /* Demo2-githubTests.xctest */;
			productType = "com.apple.product-type.bundle.unit-test";
		};
/* End PBXNativeTarget section */

/* Begin PBXProject section */
		858FE3DA1BC62018007BB537 /* Project object */ = {
			isa = PBXProject;
			attributes = {
				LastUpgradeCheck = 0610;
				ORGANIZATIONNAME = tarena;
				TargetAttributes = {
					858FE3E11BC62018007BB537 = {
						CreatedOnToolsVersion = 6.1;
					};
					858FE3FA1BC62018007BB537 = {
						CreatedOnToolsVersion = 6.1;
						TestTargetID = 858FE3E11BC62018007BB537;
					};
				};
			};
			buildConfigurationList = 858FE3DD1BC62018007BB537 /* Build configuration list for PBXProject "Demo2-github" */;
			compatibilityVersion = "Xcode 3.2";
			developmentRegion = English;
			hasScannedForEncodings = 0;
			knownRegions = (
				en,
				Base,
			);
			mainGroup = 858FE3D91BC62018007BB537;
			productRefGroup = 858FE3E31BC62018007BB537 /* Products */;
			projectDirPath = "";
			projectRoot = "";
			targets = (
				858FE3E11BC62018007BB537 /* Demo2-github */,
				858FE3FA1BC62018007BB537 /* Demo2-githubTests */,
			);
		};
/* End PBXProject section */

/* Begin PBXResourcesBuildPhase section */
		858FE3E01BC62018007BB537 /* Resources */ = {
			isa = PBXResourcesBuildPhase;
			buildActionMask = 2147483647;
			files = (
				858FE3F11BC62018007BB537 /* Main.storyboard in Resources */,
				858FE3F61BC62018007BB537 /* LaunchScreen.xib in Resources */,
				858FE3F31BC62018007BB537 /* Images.xcassets in Resources */,
			);
			runOnlyForDeploymentPostprocessing = 0;
		};
		858FE3F91BC62018007BB537 /* Resources */ = {
			isa = PBXResourcesBuildPhase;
			buildActionMask = 2147483647;
			files = (
			);
			runOnlyForDeploymentPostprocessing = 0;
		};
/* End PBXResourcesBuildPhase section */

/* Begin PBXSourcesBuildPhase section */
		858FE3DE1BC62018007BB537 /* Sources */ = {
			isa = PBXSourcesBuildPhase;
			buildActionMask = 2147483647;
			files = (
				858FE3EE1BC62018007BB537 /* ViewController.m in Sources */,
				858FE3EB1BC62018007BB537 /* AppDelegate.m in Sources */,
				858FE3E81BC62018007BB537 /* main.m in Sources */,
			);
			runOnlyForDeploymentPostprocessing = 0;
		};
		858FE3F71BC62018007BB537 /* Sources */ = {
			isa = PBXSourcesBuildPhase;
			buildActionMask = 2147483647;
			files = (
				858FE4021BC62018007BB537 /* Demo2_githubTests.m in Sources */,
			);
			runOnlyForDeploymentPostprocessing = 0;
		};
/* End PBXSourcesBuildPhase section */

/* Begin PBXTargetDependency section */
		858FE3FD1BC62018007BB537 /* PBXTargetDependency */ = {
			isa = PBXTargetDependency;
			target = 858FE3E11BC62018007BB537 /* Demo2-github */;
			targetProxy = 858FE3FC1BC62018007BB537 /* PBXContainerItemProxy */;
		};
/* End PBXTargetDependency section */

/* Begin PBXVariantGroup section */
		858FE3EF1BC62018007BB537 /* Main.storyboard */ = {
			isa = PBXVariantGroup;
			children = (
				858FE3F01BC62018007BB537 /* Base */,
			);
			name = Main.storyboard;
			sourceTree = "<group>";
		};
		858FE3F41BC62018007BB537 /* LaunchScreen.xib */ = {
			isa = PBXVariantGroup;
			children = (
				858FE3F51BC62018007BB537 /* Base */,
			);
			name = LaunchScreen.xib;
			sourceTree = "<group>";
		};
/* End PBXVariantGroup section */

/* Begin XCBuildConfiguration section */
		858FE4031BC62018007BB537 /* Debug */ = {
			isa = XCBuildConfiguration;
			buildSettings = {
				ALWAYS_SEARCH_USER_PATHS = NO;
				CLANG_CXX_LANGUAGE_STANDARD = "gnu++0x";
				CLANG_CXX_LIBRARY = "libc++";
				CLANG_ENABLE_MODULES = YES;
				CLANG_ENABLE_OBJC_ARC = YES;
				CLANG_WARN_BOOL_CONVERSION = YES;
				CLANG_WARN_CONSTANT_CONVERSION = YES;
				CLANG_WARN_DIRECT_OBJC_ISA_USAGE = YES_ERROR;
				CLANG_WARN_EMPTY_BODY = YES;
				CLANG_WARN_ENUM_CONVERSION = YES;
				CLANG_WARN_INT_CONVERSION = YES;
				CLANG_WARN_OBJC_ROOT_CLASS = YES_ERROR;
				CLANG_WARN_UNREACHABLE_CODE = YES;
				CLANG_WARN__DUPLICATE_METHOD_MATCH = YES;
				"CODE_SIGN_IDENTITY[sdk=iphoneos*]" = "iPhone Developer";
				COPY_PHASE_STRIP = NO;
				ENABLE_STRICT_OBJC_MSGSEND = YES;
				GCC_C_LANGUAGE_STANDARD = gnu99;
				GCC_DYNAMIC_NO_PIC = NO;
				GCC_OPTIMIZATION_LEVEL = 0;
				GCC_PREPROCESSOR_DEFINITIONS = (
					"DEBUG=1",
					"$(inherited)",
				);
				GCC_SYMBOLS_PRIVATE_EXTERN = NO;
				GCC_WARN_64_TO_32_BIT_CONVERSION = YES;
				GCC_WARN_ABOUT_RETURN_TYPE = YES_ERROR;
				GCC_WARN_UNDECLARED_SELECTOR = YES;
				GCC_WARN_UNINITIALIZED_AUTOS = YES_AGGRESSIVE;
				GCC_WARN_UNUSED_FUNCTION = YES;
				GCC_WARN_UNUSED_VARIABLE = YES;
				IPHONEOS_DEPLOYMENT_TARGET = 8.1;
				MTL_ENABLE_DEBUG_INFO = YES;
				ONLY_ACTIVE_ARCH = YES;
				SDKROOT = iphoneos;
			};
			name = Debug;
		};
		858FE4041BC62018007BB537 /* Release */ = {
			isa = XCBuildConfiguration;
			buildSettings = {
				ALWAYS_SEARCH_USER_PATHS = NO;
				CLANG_CXX_LANGUAGE_STANDARD = "gnu++0x";
				CLANG_CXX_LIBRARY = "libc++";
				CLANG_ENABLE_MODULES = YES;
				CLANG_ENABLE_OBJC_ARC = YES;
				CLANG_WARN_BOOL_CONVERSION = YES;
				CLANG_WARN_CONSTANT_CONVERSION = YES;
				CLANG_WARN_DIRECT_OBJC_ISA_USAGE = YES_ERROR;
				CLANG_WARN_EMPTY_BODY = YES;
				CLANG_WARN_ENUM_CONVERSION = YES;
				CLANG_WARN_INT_CONVERSION = YES;
				CLANG_WARN_OBJC_ROOT_CLASS = YES_ERROR;
				CLANG_WARN_UNREACHABLE_CODE = YES;
				CLANG_WARN__DUPLICATE_METHOD_MATCH = YES;
				"CODE_SIGN_IDENTITY[sdk=iphoneos*]" = "iPhone Developer";
				COPY_PHASE_STRIP = YES;
				ENABLE_NS_ASSERTIONS = NO;
				ENABLE_STRICT_OBJC_MSGSEND = YES;
				GCC_C_LANGUAGE_STANDARD = gnu99;
				GCC_WARN_64_TO_32_BIT_CONVERSION = YES;
				GCC_WARN_ABOUT_RETURN_TYPE = YES_ERROR;
				GCC_WARN_UNDECLARED_SELECTOR = YES;
				GCC_WARN_UNINITIALIZED_AUTOS = YES_AGGRESSIVE;
				GCC_WARN_UNUSED_FUNCTION = YES;
				GCC_WARN_UNUSED_VARIABLE = YES;
				IPHONEOS_DEPLOYMENT_TARGET = 8.1;
				MTL_ENABLE_DEBUG_INFO = NO;
				SDKROOT = iphoneos;
				VALIDATE_PRODUCT = YES;
			};
			name = Release;
		};
		858FE4061BC62018007BB537 /* Debug */ = {
			isa = XCBuildConfiguration;
			buildSettings = {
				ASSETCATALOG_COMPILER_APPICON_NAME = AppIcon;
				INFOPLIST_FILE = "Demo2-github/Info.plist";
				LD_RUNPATH_SEARCH_PATHS = "$(inherited) @executable_path/Frameworks";
				PRODUCT_NAME = "$(TARGET_NAME)";
			};
			name = Debug;
		};
		858FE4071BC62018007BB537 /* Release */ = {
			isa = XCBuildConfiguration;
			buildSettings = {
				ASSETCATALOG_COMPILER_APPICON_NAME = AppIcon;
				INFOPLIST_FILE = "Demo2-github/Info.plist";
				LD_RUNPATH_SEARCH_PATHS = "$(inherited) @executable_path/Frameworks";
				PRODUCT_NAME = "$(TARGET_NAME)";
			};
			name = Release;
		};
		858FE4091BC62018007BB537 /* Debug */ = {
			isa = XCBuildConfiguration;
			buildSettings = {
				BUNDLE_LOADER = "$(TEST_HOST)";
				FRAMEWORK_SEARCH_PATHS = (
					"$(SDKROOT)/Developer/Library/Frameworks",
					"$(inherited)",
				);
				GCC_PREPROCESSOR_DEFINITIONS = (
					"DEBUG=1",
					"$(inherited)",
				);
				INFOPLIST_FILE = "Demo2-githubTests/Info.plist";
				LD_RUNPATH_SEARCH_PATHS = "$(inherited) @executable_path/Frameworks @loader_path/Frameworks";
				PRODUCT_NAME = "$(TARGET_NAME)";
				TEST_HOST = "$(BUILT_PRODUCTS_DIR)/Demo2-github.app/Demo2-github";
			};
			name = Debug;
		};
		858FE40A1BC62018007BB537 /* Release */ = {
			isa = XCBuildConfiguration;
			buildSettings = {
				BUNDLE_LOADER = "$(TEST_HOST)";
				FRAMEWORK_SEARCH_PATHS = (
					"$(SDKROOT)/Developer/Library/Frameworks",
					"$(inherited)",
				);
				INFOPLIST_FILE = "Demo2-githubTests/Info.plist";
				LD_RUNPATH_SEARCH_PATHS = "$(inherited) @executable_path/Frameworks @loader_path/Frameworks";
				PRODUCT_NAME = "$(TARGET_NAME)";
				TEST_HOST = "$(BUILT_PRODUCTS_DIR)/Demo2-github.app/Demo2-github";
			};
			name = Release;
		};
/* End XCBuildConfiguration section */

/* Begin XCConfigurationList section */
		858FE3DD1BC62018007BB537 /* Build configuration list for PBXProject "Demo2-github" */ = {
			isa = XCConfigurationList;
			buildConfigurations = (
				858FE4031BC62018007BB537 /* Debug */,
				858FE4041BC62018007BB537 /* Release */,
			);
			defaultConfigurationIsVisible = 0;
			defaultConfigurationName = Release;
		};
		858FE4051BC62018007BB537 /* Build configuration list for PBXNativeTarget "Demo2-github" */ = {
			isa = XCConfigurationList;
			buildConfigurations = (
				858FE4061BC62018007BB537 /* Debug */,
				858FE4071BC62018007BB537 /* Release */,
			);
			defaultConfigurationIsVisible = 0;
		};
		858FE4081BC62018007BB537 /* Build configuration list for PBXNativeTarget "Demo2-githubTests" */ = {
			isa = XCConfigurationList;
			buildConfigurations = (
				858FE4091BC62018007BB537 /* Debug */,
				858FE40A1BC62018007BB537 /* Release */,
			);
			defaultConfigurationIsVisible = 0;
		};
/* End XCConfigurationList section */
	};
	rootObject = 858FE3DA1BC62018007BB537 /* Project object */;
}
